
Microsoft Visual Studio Solution File, Format Version 12.00
# Visual Studio 15
VisualStudioVersion = 15.0.27004.2005
MinimumVisualStudioVersion = 10.0.40219.1
Project("{8BC9CEB8-8B4A-11D0-8D11-00A0C91BC942}") = "CamerasDemo", "CamerasDemo\CamerasDemo.vcxproj", "{BDE1EBB0-FB67-4AD4-B256-928616E65E18}"
EndProject
Global
	GlobalSection(SolutionConfigurationPlatforms) = preSolution
		Debug|x64 = Debug|x64
		Debug|x86 = Debug|x86
		Release|x64 = Release|x64
		Release|x86 = Release|x86
	EndGlobalSection
	GlobalSection(ProjectConfigurationPlatforms) = postSolution
		{BDE1EBB0-FB67-4AD4-B256-928616E65E18}.Debug|x64.ActiveCfg = Debug|x64
		{BDE1EBB0-FB67-4AD4-B256-928616E65E18}.Debug|x64.Build.0 = Debug|x64
		{BDE1EBB0-FB67-4AD4-B256-928616E65E18}.Debug|x86.ActiveCfg = Debug|Win32
		{BDE1EBB0-FB67-4AD4-B256-928616E65E18}.Debug|x86.Build.0 = Debug|Win32
		{BDE1EBB0-FB67-4AD4-B256-928616E65E18}.Release|x64.ActiveCfg = Release|x64
		{BDE1EBB0-FB67-4AD4-B256-928616E65E18}.Release|x64.Build.0 = Release|x64
		{BDE1EBB0-FB67-4AD4-B256-928616E65E18}.Release|x86.ActiveCfg = Release|Win32
		{BDE1EBB0-FB67-4AD4-B256-928616E65E18}.Release|x86.Build.0 = Release|Win32
	EndGlobalSection
	GlobalSection(SolutionProperties) = preSolution
		HideSolutionNode = FALSE
	EndGlobalSection
	GlobalSection(ExtensibilityGlobals) = postSolution
		SolutionGuid = {A7F9E1FA-F1DB-43FA-B799-9E0E9B77DD8D}
	EndGlobalSection
EndGlobal
